// !$*UTF8*$!
{
	archiveVersion = 1;
	classes = {
	};
	objectVersion = 46;
	objects = {

/* Begin PBXBuildFile section */
		88E4B68C704E0BF3AE2EA7C2 /* libPods.a in Frameworks */ = {isa = PBXBuildFile; fileRef = 829D015917BD0B9E7343DBAF /* libPods.a */; };
		FA0317341C0A8CD7003EF4C1 /* ASCAsyncImageView.m in Sources */ = {isa = PBXBuildFile; fileRef = FA0317331C0A8CD7003EF4C1 /* ASCAsyncImageView.m */; };
		FA0317381C0A8F0D003EF4C1 /* ASCImageLoader.m in Sources */ = {isa = PBXBuildFile; fileRef = FA0317371C0A8F0D003EF4C1 /* ASCImageLoader.m */; };
		FA03173B1C0A8F27003EF4C1 /* ASCSearchLoader.m in Sources */ = {isa = PBXBuildFile; fileRef = FA03173A1C0A8F27003EF4C1 /* ASCSearchLoader.m */; };
		FA0CEA631C0A5B89002C4248 /* ASCTableViewWebSearchResultCell.m in Sources */ = {isa = PBXBuildFile; fileRef = FA0CEA621C0A5B89002C4248 /* ASCTableViewWebSearchResultCell.m */; };
		FA0FEED01C00F8E60046F849 /* ASCSearchResultsView.m in Sources */ = {isa = PBXBuildFile; fileRef = FA0FEECF1C00F8E60046F849 /* ASCSearchResultsView.m */; };
		FA1944A71BF2E279000A4712 /* ASCLoader.m in Sources */ = {isa = PBXBuildFile; fileRef = FA1944A61BF2E279000A4712 /* ASCLoader.m */; };
		FA1944AA1BF2E2C4000A4712 /* ASCViewController.m in Sources */ = {isa = PBXBuildFile; fileRef = FA1944A91BF2E2C4000A4712 /* ASCViewController.m */; };
		FA1944B31BF2E317000A4712 /* ASCTableView.m in Sources */ = {isa = PBXBuildFile; fileRef = FA1944B21BF2E317000A4712 /* ASCTableView.m */; };
		FA1944B61BF2E324000A4712 /* ASCTableViewSearchHistoryCell.m in Sources */ = {isa = PBXBuildFile; fileRef = FA1944B51BF2E324000A4712 /* ASCTableViewSearchHistoryCell.m */; };
		FA1D5CB01C14F24400857A6B /* ASCTableViewVideoSearchResultCell.m in Sources */ = {isa = PBXBuildFile; fileRef = FA1D5CAF1C14F24400857A6B /* ASCTableViewVideoSearchResultCell.m */; };
		FA1D5CB41C14F29A00857A6B /* ASCTableViewVideoSearchResultCellModel.m in Sources */ = {isa = PBXBuildFile; fileRef = FA1D5CB31C14F29A00857A6B /* ASCTableViewVideoSearchResultCellModel.m */; };
		FA1D5CBA1C15278C00857A6B /* ASCRelatedSearchResultModel.m in Sources */ = {isa = PBXBuildFile; fileRef = FA1D5CB91C15278C00857A6B /* ASCRelatedSearchResultModel.m */; };
		FA1D5CBF1C1528DE00857A6B /* ASCTableViewRelatedSearchResultCellModel.m in Sources */ = {isa = PBXBuildFile; fileRef = FA1D5CBE1C1528DE00857A6B /* ASCTableViewRelatedSearchResultCellModel.m */; };
		FA1D5CC31C15299A00857A6B /* ASCTableViewRelatedSearchResultCell.m in Sources */ = {isa = PBXBuildFile; fileRef = FA1D5CC21C15299A00857A6B /* ASCTableViewRelatedSearchResultCell.m */; };
		FA310C881BF7EFF900E386A5 /* ASCSearchResultModel.m in Sources */ = {isa = PBXBuildFile; fileRef = FA310C871BF7EFF900E386A5 /* ASCSearchResultModel.m */; };
		FA310C8B1BF8087500E386A5 /* ASCTableViewSearchResultCell.m in Sources */ = {isa = PBXBuildFile; fileRef = FA310C8A1BF8087500E386A5 /* ASCTableViewSearchResultCell.m */; };
		FA3C65DC1C13D67C006A62AC /* ASCTableViewNewsSearchResultCellModel.m in Sources */ = {isa = PBXBuildFile; fileRef = FA3C65DB1C13D67C006A62AC /* ASCTableViewNewsSearchResultCellModel.m */; };
		FA3C65DF1C13DB2A006A62AC /* NSDate+ISO8601.m in Sources */ = {isa = PBXBuildFile; fileRef = FA3C65DE1C13DB2A006A62AC /* NSDate+ISO8601.m */; };
		FA3C65E41C13FDD9006A62AC /* ASCSpellSearchResultModel.m in Sources */ = {isa = PBXBuildFile; fileRef = FA3C65E31C13FDD9006A62AC /* ASCSpellSearchResultModel.m */; };
		FA3C65E81C13FF25006A62AC /* ASCTableViewSpellSearchResultCellModel.m in Sources */ = {isa = PBXBuildFile; fileRef = FA3C65E71C13FF25006A62AC /* ASCTableViewSpellSearchResultCellModel.m */; };
		FA3C65EC1C140023006A62AC /* ASCTableViewSpellSearchResultCell.m in Sources */ = {isa = PBXBuildFile; fileRef = FA3C65EB1C140023006A62AC /* ASCTableViewSpellSearchResultCell.m */; };
		FA3C65F01C141EE2006A62AC /* ASCVideoSearchResultModel.m in Sources */ = {isa = PBXBuildFile; fileRef = FA3C65EF1C141EE2006A62AC /* ASCVideoSearchResultModel.m */; };
		FA400F4D1C02DD8E008873B8 /* NSMutableAttributedString+Replacement.m in Sources */ = {isa = PBXBuildFile; fileRef = FA400F4C1C02DD8E008873B8 /* NSMutableAttributedString+Replacement.m */; };
		FA41DFD01BFC23EA00DB57C0 /* ASCViewModel.m in Sources */ = {isa = PBXBuildFile; fileRef = FA41DFCF1BFC23EA00DB57C0 /* ASCViewModel.m */; };
		FA4B2AA71BF1831100B78CF7 /* UIView+NSLayoutConstraint.m in Sources */ = {isa = PBXBuildFile; fileRef = FA4B2AA61BF1831100B78CF7 /* UIView+NSLayoutConstraint.m */; };
		FA638F451C08F9D200BDD439 /* ASCCollectionView.m in Sources */ = {isa = PBXBuildFile; fileRef = FA638F441C08F9D200BDD439 /* ASCCollectionView.m */; };
		FA638F491C08F9EE00BDD439 /* ASCCollectionViewCell.m in Sources */ = {isa = PBXBuildFile; fileRef = FA638F481C08F9EE00BDD439 /* ASCCollectionViewCell.m */; };
		FA638F501C09015100BDD439 /* UIColor+Google.m in Sources */ = {isa = PBXBuildFile; fileRef = FA638F4F1C09015100BDD439 /* UIColor+Google.m */; };
		FA63E8B91C0BEC500081B901 /* ASCSearchHistoryTableViewDelegateAndDatasource.m in Sources */ = {isa = PBXBuildFile; fileRef = FA63E8B61C0BEC500081B901 /* ASCSearchHistoryTableViewDelegateAndDatasource.m */; };
		FA63E8BD1C0BEC600081B901 /* ASCCoverViewController.m in Sources */ = {isa = PBXBuildFile; fileRef = FA63E8BC1C0BEC600081B901 /* ASCCoverViewController.m */; };
		FA63E8C01C0BEC6C0081B901 /* ASCCoverView.m in Sources */ = {isa = PBXBuildFile; fileRef = FA63E8BF1C0BEC6C0081B901 /* ASCCoverView.m */; };
		FA63E8C31C0BEC7D0081B901 /* ASCSearchHistoryViewModel.m in Sources */ = {isa = PBXBuildFile; fileRef = FA63E8C21C0BEC7D0081B901 /* ASCSearchHistoryViewModel.m */; };
		FA731FB31C011B2600B07E92 /* ASCView.m in Sources */ = {isa = PBXBuildFile; fileRef = FA731FB21C011B2600B07E92 /* ASCView.m */; };
		FA8442BD1C0EC61B0025795B /* ASCNetwork.m in Sources */ = {isa = PBXBuildFile; fileRef = FA8442BC1C0EC61B0025795B /* ASCNetwork.m */; };
		FA97D21F1C0A6BF7004FEE82 /* ASCTableViewImageSearchResultCell.m in Sources */ = {isa = PBXBuildFile; fileRef = FA97D21E1C0A6BF7004FEE82 /* ASCTableViewImageSearchResultCell.m */; };
		FA997EE51BF2F44100101806 /* ASCSearchResultsViewModel.m in Sources */ = {isa = PBXBuildFile; fileRef = FA997EE41BF2F44100101806 /* ASCSearchResultsViewModel.m */; };
		FAA2CE931C0BF86300DE7E5C /* ASCNewsSearchResultModel.m in Sources */ = {isa = PBXBuildFile; fileRef = FAA2CE921C0BF86300DE7E5C /* ASCNewsSearchResultModel.m */; };
		FAA8BD641C0BEFD100F69904 /* ASCSearchResultsTableViewDelegateAndDatasource.m in Sources */ = {isa = PBXBuildFile; fileRef = FAA8BD631C0BEFD100F69904 /* ASCSearchResultsTableViewDelegateAndDatasource.m */; };
		FAA8BD671C0BF1A400F69904 /* ASCTableViewNewsSearchResultCell.m in Sources */ = {isa = PBXBuildFile; fileRef = FAA8BD661C0BF1A400F69904 /* ASCTableViewNewsSearchResultCell.m */; };
		FAAFB35B1C112A5E0047B717 /* ASCTableViewSearchResultCellModel.m in Sources */ = {isa = PBXBuildFile; fileRef = FAAFB35A1C112A5E0047B717 /* ASCTableViewSearchResultCellModel.m */; };
		FAAFB35E1C112A660047B717 /* ASCTableViewWebSearchResultCellModel.m in Sources */ = {isa = PBXBuildFile; fileRef = FAAFB35D1C112A660047B717 /* ASCTableViewWebSearchResultCellModel.m */; };
		FAAFB3621C112AC00047B717 /* ASCTableViewImageSearchResultCellModel.m in Sources */ = {isa = PBXBuildFile; fileRef = FAAFB3611C112AC00047B717 /* ASCTableViewImageSearchResultCellModel.m */; };
		FACBF8D91BFAA614000099B6 /* ASCWebSearchResultModel.m in Sources */ = {isa = PBXBuildFile; fileRef = FACBF8D81BFAA614000099B6 /* ASCWebSearchResultModel.m */; };
		FACBF8DD1BFAA6DD000099B6 /* ASCImageSearchResultModel.m in Sources */ = {isa = PBXBuildFile; fileRef = FACBF8DC1BFAA6DD000099B6 /* ASCImageSearchResultModel.m */; };
		FACE5AE01C00047600B2C964 /* ASCSearchResultsViewController.m in Sources */ = {isa = PBXBuildFile; fileRef = FACE5ADF1C00047600B2C964 /* ASCSearchResultsViewController.m */; };
		FAD5C2261C068C900061E13E /* ASCTextField.m in Sources */ = {isa = PBXBuildFile; fileRef = FAD5C2251C068C900061E13E /* ASCTextField.m */; };
		FAD5C22A1C068D880061E13E /* ASCSearchBar.m in Sources */ = {isa = PBXBuildFile; fileRef = FAD5C2291C068D880061E13E /* ASCSearchBar.m */; };
		FAE640E01BE163C000EBEFE2 /* ASCDataStore.m in Sources */ = {isa = PBXBuildFile; fileRef = FAE640DF1BE163C000EBEFE2 /* ASCDataStore.m */; };
		FAF1E2E21C18A83D00D6AF69 /* ASCLocalLoader.m in Sources */ = {isa = PBXBuildFile; fileRef = FAF1E2E11C18A83D00D6AF69 /* ASCLocalLoader.m */; };
		FAF6C1591BD41DEF00F966A1 /* main.m in Sources */ = {isa = PBXBuildFile; fileRef = FAF6C1581BD41DEF00F966A1 /* main.m */; };
		FAF6C15C1BD41DEF00F966A1 /* ASCAppDelegate.m in Sources */ = {isa = PBXBuildFile; fileRef = FAF6C15B1BD41DEF00F966A1 /* ASCAppDelegate.m */; };
		FAF6C1641BD41DEF00F966A1 /* Assets.xcassets in Resources */ = {isa = PBXBuildFile; fileRef = FAF6C1631BD41DEF00F966A1 /* Assets.xcassets */; };
		FAF6C1671BD41DEF00F966A1 /* LaunchScreen.storyboard in Resources */ = {isa = PBXBuildFile; fileRef = FAF6C1651BD41DEF00F966A1 /* LaunchScreen.storyboard */; };
		FAF6C1721BD41DEF00F966A1 /* SearchClientTests.m in Sources */ = {isa = PBXBuildFile; fileRef = FAF6C1711BD41DEF00F966A1 /* SearchClientTests.m */; };
/* End PBXBuildFile section */

/* Begin PBXContainerItemProxy section */
		FAF6C16E1BD41DEF00F966A1 /* PBXContainerItemProxy */ = {
			isa = PBXContainerItemProxy;
			containerPortal = FAF6C14C1BD41DEE00F966A1 /* Project object */;
			proxyType = 1;
			remoteGlobalIDString = FAF6C1531BD41DEF00F966A1;
			remoteInfo = SearchClient;
		};
/* End PBXContainerItemProxy section */

/* Begin PBXFileReference section */
		829D015917BD0B9E7343DBAF /* libPods.a */ = {isa = PBXFileReference; explicitFileType = archive.ar; includeInIndex = 0; path = libPods.a; sourceTree = BUILT_PRODUCTS_DIR; };
		8326D2F49571B16E25ABCB0F /* Pods.debug.xcconfig */ = {isa = PBXFileReference; includeInIndex = 1; lastKnownFileType = text.xcconfig; name = Pods.debug.xcconfig; path = "Pods/Target Support Files/Pods/Pods.debug.xcconfig"; sourceTree = "<group>"; };
		DF6E98A51038CD8D690B11E2 /* Pods.release.xcconfig */ = {isa = PBXFileReference; includeInIndex = 1; lastKnownFileType = text.xcconfig; name = Pods.release.xcconfig; path = "Pods/Target Support Files/Pods/Pods.release.xcconfig"; sourceTree = "<group>"; };
		FA0317321C0A8CD7003EF4C1 /* ASCAsyncImageView.h */ = {isa = PBXFileReference; fileEncoding = 4; lastKnownFileType = sourcecode.c.h; name = ASCAsyncImageView.h; path = Views/ASCAsyncImageView/ASCAsyncImageView.h; sourceTree = "<group>"; };
		FA0317331C0A8CD7003EF4C1 /* ASCAsyncImageView.m */ = {isa = PBXFileReference; fileEncoding = 4; lastKnownFileType = sourcecode.c.objc; name = ASCAsyncImageView.m; path = Views/ASCAsyncImageView/ASCAsyncImageView.m; sourceTree = "<group>"; };
		FA0317361C0A8F0D003EF4C1 /* ASCImageLoader.h */ = {isa = PBXFileReference; fileEncoding = 4; lastKnownFileType = sourcecode.c.h; name = ASCImageLoader.h; path = Utilities/ASCLoader/ASCImageLoader/ASCImageLoader.h; sourceTree = "<group>"; };
		FA0317371C0A8F0D003EF4C1 /* ASCImageLoader.m */ = {isa = PBXFileReference; fileEncoding = 4; lastKnownFileType = sourcecode.c.objc; name = ASCImageLoader.m; path = Utilities/ASCLoader/ASCImageLoader/ASCImageLoader.m; sourceTree = "<group>"; };
		FA0317391C0A8F27003EF4C1 /* ASCSearchLoader.h */ = {isa = PBXFileReference; fileEncoding = 4; lastKnownFileType = sourcecode.c.h; name = ASCSearchLoader.h; path = Utilities/ASCLoader/ASCSearchLoader/ASCSearchLoader.h; sourceTree = "<group>"; };
		FA03173A1C0A8F27003EF4C1 /* ASCSearchLoader.m */ = {isa = PBXFileReference; fileEncoding = 4; lastKnownFileType = sourcecode.c.objc; name = ASCSearchLoader.m; path = Utilities/ASCLoader/ASCSearchLoader/ASCSearchLoader.m; sourceTree = "<group>"; };
		FA0CEA611C0A5B89002C4248 /* ASCTableViewWebSearchResultCell.h */ = {isa = PBXFileReference; fileEncoding = 4; lastKnownFileType = sourcecode.c.h; name = ASCTableViewWebSearchResultCell.h; path = Views/ASCTableView/Cells/ASCTableViewWebSearchResultCell.h; sourceTree = "<group>"; };
		FA0CEA621C0A5B89002C4248 /* ASCTableViewWebSearchResultCell.m */ = {isa = PBXFileReference; fileEncoding = 4; lastKnownFileType = sourcecode.c.objc; name = ASCTableViewWebSearchResultCell.m; path = Views/ASCTableView/Cells/ASCTableViewWebSearchResultCell.m; sourceTree = "<group>"; };
		FA0FEECE1C00F8E60046F849 /* ASCSearchResultsView.h */ = {isa = PBXFileReference; fileEncoding = 4; lastKnownFileType = sourcecode.c.h; name = ASCSearchResultsView.h; path = ViewControllers/ASCSearchResultsViewController/ASCSearchResultsView/ASCSearchResultsView.h; sourceTree = "<group>"; };
		FA0FEECF1C00F8E60046F849 /* ASCSearchResultsView.m */ = {isa = PBXFileReference; fileEncoding = 4; lastKnownFileType = sourcecode.c.objc; name = ASCSearchResultsView.m; path = ViewControllers/ASCSearchResultsViewController/ASCSearchResultsView/ASCSearchResultsView.m; sourceTree = "<group>"; };
		FA1944A51BF2E279000A4712 /* ASCLoader.h */ = {isa = PBXFileReference; fileEncoding = 4; lastKnownFileType = sourcecode.c.h; name = ASCLoader.h; path = Utilities/ASCLoader/ASCLoader.h; sourceTree = "<group>"; };
		FA1944A61BF2E279000A4712 /* ASCLoader.m */ = {isa = PBXFileReference; fileEncoding = 4; lastKnownFileType = sourcecode.c.objc; name = ASCLoader.m; path = Utilities/ASCLoader/ASCLoader.m; sourceTree = "<group>"; };
		FA1944A81BF2E2C4000A4712 /* ASCViewController.h */ = {isa = PBXFileReference; fileEncoding = 4; lastKnownFileType = sourcecode.c.h; name = ASCViewController.h; path = ViewControllers/ASCViewController/ASCViewController.h; sourceTree = "<group>"; };
		FA1944A91BF2E2C4000A4712 /* ASCViewController.m */ = {isa = PBXFileReference; fileEncoding = 4; lastKnownFileType = sourcecode.c.objc; name = ASCViewController.m; path = ViewControllers/ASCViewController/ASCViewController.m; sourceTree = "<group>"; };
		FA1944B11BF2E317000A4712 /* ASCTableView.h */ = {isa = PBXFileReference; fileEncoding = 4; lastKnownFileType = sourcecode.c.h; name = ASCTableView.h; path = Views/ASCTableView/ASCTableView.h; sourceTree = "<group>"; };
		FA1944B21BF2E317000A4712 /* ASCTableView.m */ = {isa = PBXFileReference; fileEncoding = 4; lastKnownFileType = sourcecode.c.objc; name = ASCTableView.m; path = Views/ASCTableView/ASCTableView.m; sourceTree = "<group>"; };
		FA1944B41BF2E324000A4712 /* ASCTableViewSearchHistoryCell.h */ = {isa = PBXFileReference; fileEncoding = 4; lastKnownFileType = sourcecode.c.h; name = ASCTableViewSearchHistoryCell.h; path = Views/ASCTableView/Cells/ASCTableViewSearchHistoryCell.h; sourceTree = "<group>"; };
		FA1944B51BF2E324000A4712 /* ASCTableViewSearchHistoryCell.m */ = {isa = PBXFileReference; fileEncoding = 4; lastKnownFileType = sourcecode.c.objc; name = ASCTableViewSearchHistoryCell.m; path = Views/ASCTableView/Cells/ASCTableViewSearchHistoryCell.m; sourceTree = "<group>"; };
		FA1D5CAE1C14F24400857A6B /* ASCTableViewVideoSearchResultCell.h */ = {isa = PBXFileReference; fileEncoding = 4; lastKnownFileType = sourcecode.c.h; name = ASCTableViewVideoSearchResultCell.h; path = Views/ASCTableView/Cells/ASCTableViewVideoSearchResultCell.h; sourceTree = "<group>"; };
		FA1D5CAF1C14F24400857A6B /* ASCTableViewVideoSearchResultCell.m */ = {isa = PBXFileReference; fileEncoding = 4; lastKnownFileType = sourcecode.c.objc; name = ASCTableViewVideoSearchResultCell.m; path = Views/ASCTableView/Cells/ASCTableViewVideoSearchResultCell.m; sourceTree = "<group>"; };
		FA1D5CB21C14F29A00857A6B /* ASCTableViewVideoSearchResultCellModel.h */ = {isa = PBXFileReference; fileEncoding = 4; lastKnownFileType = sourcecode.c.h; name = ASCTableViewVideoSearchResultCellModel.h; path = Models/ASCTableViewSearchResultCellModel/ASCTableViewVideoSearchResultCellModel/ASCTableViewVideoSearchResultCellModel.h; sourceTree = "<group>"; };
		FA1D5CB31C14F29A00857A6B /* ASCTableViewVideoSearchResultCellModel.m */ = {isa = PBXFileReference; fileEncoding = 4; lastKnownFileType = sourcecode.c.objc; name = ASCTableViewVideoSearchResultCellModel.m; path = Models/ASCTableViewSearchResultCellModel/ASCTableViewVideoSearchResultCellModel/ASCTableViewVideoSearchResultCellModel.m; sourceTree = "<group>"; };
		FA1D5CB81C15278C00857A6B /* ASCRelatedSearchResultModel.h */ = {isa = PBXFileReference; fileEncoding = 4; lastKnownFileType = sourcecode.c.h; name = ASCRelatedSearchResultModel.h; path = Models/ASCSearchResultModel/ASCRelatedSearchResultModel/ASCRelatedSearchResultModel.h; sourceTree = "<group>"; };
		FA1D5CB91C15278C00857A6B /* ASCRelatedSearchResultModel.m */ = {isa = PBXFileReference; fileEncoding = 4; lastKnownFileType = sourcecode.c.objc; name = ASCRelatedSearchResultModel.m; path = Models/ASCSearchResultModel/ASCRelatedSearchResultModel/ASCRelatedSearchResultModel.m; sourceTree = "<group>"; };
		FA1D5CBD1C1528DE00857A6B /* ASCTableViewRelatedSearchResultCellModel.h */ = {isa = PBXFileReference; fileEncoding = 4; lastKnownFileType = sourcecode.c.h; name = ASCTableViewRelatedSearchResultCellModel.h; path = Models/ASCTableViewSearchResultCellModel/ASCTableViewRelatedSearchResultCellModel/ASCTableViewRelatedSearchResultCellModel.h; sourceTree = "<group>"; };
		FA1D5CBE1C1528DE00857A6B /* ASCTableViewRelatedSearchResultCellModel.m */ = {isa = PBXFileReference; fileEncoding = 4; lastKnownFileType = sourcecode.c.objc; name = ASCTableViewRelatedSearchResultCellModel.m; path = Models/ASCTableViewSearchResultCellModel/ASCTableViewRelatedSearchResultCellModel/ASCTableViewRelatedSearchResultCellModel.m; sourceTree = "<group>"; };
		FA1D5CC11C15299A00857A6B /* ASCTableViewRelatedSearchResultCell.h */ = {isa = PBXFileReference; fileEncoding = 4; lastKnownFileType = sourcecode.c.h; name = ASCTableViewRelatedSearchResultCell.h; path = Views/ASCTableView/Cells/ASCTableViewRelatedSearchResultCell.h; sourceTree = "<group>"; };
		FA1D5CC21C15299A00857A6B /* ASCTableViewRelatedSearchResultCell.m */ = {isa = PBXFileReference; fileEncoding = 4; lastKnownFileType = sourcecode.c.objc; name = ASCTableViewRelatedSearchResultCell.m; path = Views/ASCTableView/Cells/ASCTableViewRelatedSearchResultCell.m; sourceTree = "<group>"; };
		FA310C871BF7EFF900E386A5 /* ASCSearchResultModel.m */ = {isa = PBXFileReference; fileEncoding = 4; lastKnownFileType = sourcecode.c.objc; name = ASCSearchResultModel.m; path = Models/ASCSearchResultModel/ASCSearchResultModel.m; sourceTree = "<group>"; };
		FA310C891BF8087500E386A5 /* ASCTableViewSearchResultCell.h */ = {isa = PBXFileReference; fileEncoding = 4; lastKnownFileType = sourcecode.c.h; name = ASCTableViewSearchResultCell.h; path = Views/ASCTableView/Cells/ASCTableViewSearchResultCell.h; sourceTree = "<group>"; };
		FA310C8A1BF8087500E386A5 /* ASCTableViewSearchResultCell.m */ = {isa = PBXFileReference; fileEncoding = 4; lastKnownFileType = sourcecode.c.objc; name = ASCTableViewSearchResultCell.m; path = Views/ASCTableView/Cells/ASCTableViewSearchResultCell.m; sourceTree = "<group>"; };
		FA3C65DA1C13D67C006A62AC /* ASCTableViewNewsSearchResultCellModel.h */ = {isa = PBXFileReference; fileEncoding = 4; lastKnownFileType = sourcecode.c.h; name = ASCTableViewNewsSearchResultCellModel.h; path = Models/ASCTableViewSearchResultCellModel/ASCTableViewNewSearchResultCellModel/ASCTableViewNewsSearchResultCellModel.h; sourceTree = "<group>"; };
		FA3C65DB1C13D67C006A62AC /* ASCTableViewNewsSearchResultCellModel.m */ = {isa = PBXFileReference; fileEncoding = 4; lastKnownFileType = sourcecode.c.objc; name = ASCTableViewNewsSearchResultCellModel.m; path = Models/ASCTableViewSearchResultCellModel/ASCTableViewNewSearchResultCellModel/ASCTableViewNewsSearchResultCellModel.m; sourceTree = "<group>"; };
		FA3C65DD1C13DB2A006A62AC /* NSDate+ISO8601.h */ = {isa = PBXFileReference; fileEncoding = 4; lastKnownFileType = sourcecode.c.h; name = "NSDate+ISO8601.h"; path = "Utilities/Categories/NSDate+ISO8601.h"; sourceTree = "<group>"; };
		FA3C65DE1C13DB2A006A62AC /* NSDate+ISO8601.m */ = {isa = PBXFileReference; fileEncoding = 4; lastKnownFileType = sourcecode.c.objc; name = "NSDate+ISO8601.m"; path = "Utilities/Categories/NSDate+ISO8601.m"; sourceTree = "<group>"; };
		FA3C65E21C13FDD9006A62AC /* ASCSpellSearchResultModel.h */ = {isa = PBXFileReference; fileEncoding = 4; lastKnownFileType = sourcecode.c.h; name = ASCSpellSearchResultModel.h; path = Models/ASCSearchResultModel/ASCSpellSearchResultModel/ASCSpellSearchResultModel.h; sourceTree = "<group>"; };
		FA3C65E31C13FDD9006A62AC /* ASCSpellSearchResultModel.m */ = {isa = PBXFileReference; fileEncoding = 4; lastKnownFileType = sourcecode.c.objc; name = ASCSpellSearchResultModel.m; path = Models/ASCSearchResultModel/ASCSpellSearchResultModel/ASCSpellSearchResultModel.m; sourceTree = "<group>"; };
		FA3C65E61C13FF25006A62AC /* ASCTableViewSpellSearchResultCellModel.h */ = {isa = PBXFileReference; fileEncoding = 4; lastKnownFileType = sourcecode.c.h; name = ASCTableViewSpellSearchResultCellModel.h; path = Models/ASCTableViewSearchResultCellModel/ASCTableViewSpellingSearchResultCellModel/ASCTableViewSpellSearchResultCellModel.h; sourceTree = "<group>"; };
		FA3C65E71C13FF25006A62AC /* ASCTableViewSpellSearchResultCellModel.m */ = {isa = PBXFileReference; fileEncoding = 4; lastKnownFileType = sourcecode.c.objc; name = ASCTableViewSpellSearchResultCellModel.m; path = Models/ASCTableViewSearchResultCellModel/ASCTableViewSpellingSearchResultCellModel/ASCTableViewSpellSearchResultCellModel.m; sourceTree = "<group>"; };
		FA3C65EA1C140023006A62AC /* ASCTableViewSpellSearchResultCell.h */ = {isa = PBXFileReference; fileEncoding = 4; lastKnownFileType = sourcecode.c.h; name = ASCTableViewSpellSearchResultCell.h; path = Views/ASCTableView/Cells/ASCTableViewSpellSearchResultCell.h; sourceTree = "<group>"; };
		FA3C65EB1C140023006A62AC /* ASCTableViewSpellSearchResultCell.m */ = {isa = PBXFileReference; fileEncoding = 4; lastKnownFileType = sourcecode.c.objc; name = ASCTableViewSpellSearchResultCell.m; path = Views/ASCTableView/Cells/ASCTableViewSpellSearchResultCell.m; sourceTree = "<group>"; };
		FA3C65EE1C141EE2006A62AC /* ASCVideoSearchResultModel.h */ = {isa = PBXFileReference; fileEncoding = 4; lastKnownFileType = sourcecode.c.h; name = ASCVideoSearchResultModel.h; path = Models/ASCSearchResultModel/ASCVideoSearchResultModel/ASCVideoSearchResultModel.h; sourceTree = "<group>"; };
		FA3C65EF1C141EE2006A62AC /* ASCVideoSearchResultModel.m */ = {isa = PBXFileReference; fileEncoding = 4; lastKnownFileType = sourcecode.c.objc; name = ASCVideoSearchResultModel.m; path = Models/ASCSearchResultModel/ASCVideoSearchResultModel/ASCVideoSearchResultModel.m; sourceTree = "<group>"; };
		FA400F4B1C02DD8E008873B8 /* NSMutableAttributedString+Replacement.h */ = {isa = PBXFileReference; fileEncoding = 4; lastKnownFileType = sourcecode.c.h; name = "NSMutableAttributedString+Replacement.h"; path = "Utilities/Categories/NSMutableAttributedString+Replacement.h"; sourceTree = "<group>"; };
		FA400F4C1C02DD8E008873B8 /* NSMutableAttributedString+Replacement.m */ = {isa = PBXFileReference; fileEncoding = 4; lastKnownFileType = sourcecode.c.objc; name = "NSMutableAttributedString+Replacement.m"; path = "Utilities/Categories/NSMutableAttributedString+Replacement.m"; sourceTree = "<group>"; };
		FA41DFCE1BFC23EA00DB57C0 /* ASCViewModel.h */ = {isa = PBXFileReference; fileEncoding = 4; lastKnownFileType = sourcecode.c.h; name = ASCViewModel.h; path = ViewModels/ASCViewModel/ASCViewModel.h; sourceTree = "<group>"; };
		FA41DFCF1BFC23EA00DB57C0 /* ASCViewModel.m */ = {isa = PBXFileReference; fileEncoding = 4; lastKnownFileType = sourcecode.c.objc; name = ASCViewModel.m; path = ViewModels/ASCViewModel/ASCViewModel.m; sourceTree = "<group>"; };
		FA4B2AA51BF1831100B78CF7 /* UIView+NSLayoutConstraint.h */ = {isa = PBXFileReference; fileEncoding = 4; lastKnownFileType = sourcecode.c.h; name = "UIView+NSLayoutConstraint.h"; path = "Utilities/Categories/UIView+NSLayoutConstraint.h"; sourceTree = "<group>"; };
		FA4B2AA61BF1831100B78CF7 /* UIView+NSLayoutConstraint.m */ = {isa = PBXFileReference; fileEncoding = 4; lastKnownFileType = sourcecode.c.objc; name = "UIView+NSLayoutConstraint.m"; path = "Utilities/Categories/UIView+NSLayoutConstraint.m"; sourceTree = "<group>"; };
		FA4B2AAA1BF185B700B78CF7 /* SearchClient-Prefix.pch */ = {isa = PBXFileReference; lastKnownFileType = sourcecode.c.h; path = "SearchClient-Prefix.pch"; sourceTree = "<group>"; };
		FA638F431C08F9D200BDD439 /* ASCCollectionView.h */ = {isa = PBXFileReference; fileEncoding = 4; lastKnownFileType = sourcecode.c.h; name = ASCCollectionView.h; path = Views/ASCCollectionView/ASCCollectionView.h; sourceTree = "<group>"; };
		FA638F441C08F9D200BDD439 /* ASCCollectionView.m */ = {isa = PBXFileReference; fileEncoding = 4; lastKnownFileType = sourcecode.c.objc; name = ASCCollectionView.m; path = Views/ASCCollectionView/ASCCollectionView.m; sourceTree = "<group>"; };
		FA638F471C08F9EE00BDD439 /* ASCCollectionViewCell.h */ = {isa = PBXFileReference; fileEncoding = 4; lastKnownFileType = sourcecode.c.h; name = ASCCollectionViewCell.h; path = Views/ASCCollectionView/Cells/ASCCollectionViewCell.h; sourceTree = "<group>"; };
		FA638F481C08F9EE00BDD439 /* ASCCollectionViewCell.m */ = {isa = PBXFileReference; fileEncoding = 4; lastKnownFileType = sourcecode.c.objc; name = ASCCollectionViewCell.m; path = Views/ASCCollectionView/Cells/ASCCollectionViewCell.m; sourceTree = "<group>"; };
		FA638F4E1C09015100BDD439 /* UIColor+Google.h */ = {isa = PBXFileReference; fileEncoding = 4; lastKnownFileType = sourcecode.c.h; name = "UIColor+Google.h"; path = "Utilities/Categories/UIColor+Google.h"; sourceTree = "<group>"; };
		FA638F4F1C09015100BDD439 /* UIColor+Google.m */ = {isa = PBXFileReference; fileEncoding = 4; lastKnownFileType = sourcecode.c.objc; name = "UIColor+Google.m"; path = "Utilities/Categories/UIColor+Google.m"; sourceTree = "<group>"; };
		FA63E8B51C0BEC500081B901 /* ASCSearchHistoryTableViewDelegateAndDatasource.h */ = {isa = PBXFileReference; fileEncoding = 4; lastKnownFileType = sourcecode.c.h; name = ASCSearchHistoryTableViewDelegateAndDatasource.h; path = ViewControllers/ASCViewController/ASCSearchHistoryTableViewDelegateAndDatasource.h; sourceTree = "<group>"; };
		FA63E8B61C0BEC500081B901 /* ASCSearchHistoryTableViewDelegateAndDatasource.m */ = {isa = PBXFileReference; fileEncoding = 4; lastKnownFileType = sourcecode.c.objc; name = ASCSearchHistoryTableViewDelegateAndDatasource.m; path = ViewControllers/ASCViewController/ASCSearchHistoryTableViewDelegateAndDatasource.m; sourceTree = "<group>"; };
		FA63E8BB1C0BEC600081B901 /* ASCCoverViewController.h */ = {isa = PBXFileReference; fileEncoding = 4; lastKnownFileType = sourcecode.c.h; name = ASCCoverViewController.h; path = ViewControllers/ASCCoverViewController/ASCCoverViewController.h; sourceTree = "<group>"; };
		FA63E8BC1C0BEC600081B901 /* ASCCoverViewController.m */ = {isa = PBXFileReference; fileEncoding = 4; lastKnownFileType = sourcecode.c.objc; name = ASCCoverViewController.m; path = ViewControllers/ASCCoverViewController/ASCCoverViewController.m; sourceTree = "<group>"; };
		FA63E8BE1C0BEC6C0081B901 /* ASCCoverView.h */ = {isa = PBXFileReference; fileEncoding = 4; lastKnownFileType = sourcecode.c.h; name = ASCCoverView.h; path = ViewControllers/ASCCoverViewController/ASCCoverView/ASCCoverView.h; sourceTree = "<group>"; };
		FA63E8BF1C0BEC6C0081B901 /* ASCCoverView.m */ = {isa = PBXFileReference; fileEncoding = 4; lastKnownFileType = sourcecode.c.objc; name = ASCCoverView.m; path = ViewControllers/ASCCoverViewController/ASCCoverView/ASCCoverView.m; sourceTree = "<group>"; };
		FA63E8C11C0BEC7D0081B901 /* ASCSearchHistoryViewModel.h */ = {isa = PBXFileReference; fileEncoding = 4; lastKnownFileType = sourcecode.c.h; name = ASCSearchHistoryViewModel.h; path = ViewModels/ASCSearchHistoryViewModel/ASCSearchHistoryViewModel.h; sourceTree = "<group>"; };
		FA63E8C21C0BEC7D0081B901 /* ASCSearchHistoryViewModel.m */ = {isa = PBXFileReference; fileEncoding = 4; lastKnownFileType = sourcecode.c.objc; name = ASCSearchHistoryViewModel.m; path = ViewModels/ASCSearchHistoryViewModel/ASCSearchHistoryViewModel.m; sourceTree = "<group>"; };
		FA731FB11C011B2600B07E92 /* ASCView.h */ = {isa = PBXFileReference; fileEncoding = 4; lastKnownFileType = sourcecode.c.h; name = ASCView.h; path = ViewControllers/ASCViewController/ASCView/ASCView.h; sourceTree = "<group>"; };
		FA731FB21C011B2600B07E92 /* ASCView.m */ = {isa = PBXFileReference; fileEncoding = 4; lastKnownFileType = sourcecode.c.objc; name = ASCView.m; path = ViewControllers/ASCViewController/ASCView/ASCView.m; sourceTree = "<group>"; };
		FA8442BB1C0EC61B0025795B /* ASCNetwork.h */ = {isa = PBXFileReference; fileEncoding = 4; lastKnownFileType = sourcecode.c.h; name = ASCNetwork.h; path = Utilities/ASCNetwork/ASCNetwork.h; sourceTree = "<group>"; };
		FA8442BC1C0EC61B0025795B /* ASCNetwork.m */ = {isa = PBXFileReference; fileEncoding = 4; lastKnownFileType = sourcecode.c.objc; name = ASCNetwork.m; path = Utilities/ASCNetwork/ASCNetwork.m; sourceTree = "<group>"; };
		FA97D21D1C0A6BF7004FEE82 /* ASCTableViewImageSearchResultCell.h */ = {isa = PBXFileReference; fileEncoding = 4; lastKnownFileType = sourcecode.c.h; name = ASCTableViewImageSearchResultCell.h; path = Views/ASCTableView/Cells/ASCTableViewImageSearchResultCell.h; sourceTree = "<group>"; };
		FA97D21E1C0A6BF7004FEE82 /* ASCTableViewImageSearchResultCell.m */ = {isa = PBXFileReference; fileEncoding = 4; lastKnownFileType = sourcecode.c.objc; name = ASCTableViewImageSearchResultCell.m; path = Views/ASCTableView/Cells/ASCTableViewImageSearchResultCell.m; sourceTree = "<group>"; };
		FA997EE31BF2F44100101806 /* ASCSearchResultsViewModel.h */ = {isa = PBXFileReference; fileEncoding = 4; lastKnownFileType = sourcecode.c.h; name = ASCSearchResultsViewModel.h; path = ViewModels/ASCSearchResultsViewModel/ASCSearchResultsViewModel.h; sourceTree = "<group>"; };
		FA997EE41BF2F44100101806 /* ASCSearchResultsViewModel.m */ = {isa = PBXFileReference; fileEncoding = 4; lastKnownFileType = sourcecode.c.objc; name = ASCSearchResultsViewModel.m; path = ViewModels/ASCSearchResultsViewModel/ASCSearchResultsViewModel.m; sourceTree = "<group>"; };
		FA997EE61BF2F46300101806 /* ASCSearchResultModel.h */ = {isa = PBXFileReference; fileEncoding = 4; lastKnownFileType = sourcecode.c.h; name = ASCSearchResultModel.h; path = Models/ASCSearchResultModel/ASCSearchResultModel.h; sourceTree = "<group>"; };
		FAA2CE911C0BF86300DE7E5C /* ASCNewsSearchResultModel.h */ = {isa = PBXFileReference; fileEncoding = 4; lastKnownFileType = sourcecode.c.h; name = ASCNewsSearchResultModel.h; path = Models/ASCSearchResultModel/ASCNewsSearchResultModel/ASCNewsSearchResultModel.h; sourceTree = "<group>"; };
		FAA2CE921C0BF86300DE7E5C /* ASCNewsSearchResultModel.m */ = {isa = PBXFileReference; fileEncoding = 4; lastKnownFileType = sourcecode.c.objc; name = ASCNewsSearchResultModel.m; path = Models/ASCSearchResultModel/ASCNewsSearchResultModel/ASCNewsSearchResultModel.m; sourceTree = "<group>"; };
		FAA8BD621C0BEFD100F69904 /* ASCSearchResultsTableViewDelegateAndDatasource.h */ = {isa = PBXFileReference; fileEncoding = 4; lastKnownFileType = sourcecode.c.h; name = ASCSearchResultsTableViewDelegateAndDatasource.h; path = ViewControllers/ASCSearchResultsViewController/ASCSearchResultsTableViewDelegateAndDatasource.h; sourceTree = "<group>"; };
		FAA8BD631C0BEFD100F69904 /* ASCSearchResultsTableViewDelegateAndDatasource.m */ = {isa = PBXFileReference; fileEncoding = 4; lastKnownFileType = sourcecode.c.objc; name = ASCSearchResultsTableViewDelegateAndDatasource.m; path = ViewControllers/ASCSearchResultsViewController/ASCSearchResultsTableViewDelegateAndDatasource.m; sourceTree = "<group>"; };
		FAA8BD651C0BF1A400F69904 /* ASCTableViewNewsSearchResultCell.h */ = {isa = PBXFileReference; fileEncoding = 4; lastKnownFileType = sourcecode.c.h; name = ASCTableViewNewsSearchResultCell.h; path = Views/ASCTableView/Cells/ASCTableViewNewsSearchResultCell.h; sourceTree = "<group>"; };
		FAA8BD661C0BF1A400F69904 /* ASCTableViewNewsSearchResultCell.m */ = {isa = PBXFileReference; fileEncoding = 4; lastKnownFileType = sourcecode.c.objc; name = ASCTableViewNewsSearchResultCell.m; path = Views/ASCTableView/Cells/ASCTableViewNewsSearchResultCell.m; sourceTree = "<group>"; };
		FAAFB3591C112A5E0047B717 /* ASCTableViewSearchResultCellModel.h */ = {isa = PBXFileReference; fileEncoding = 4; lastKnownFileType = sourcecode.c.h; name = ASCTableViewSearchResultCellModel.h; path = Models/ASCTableViewSearchResultCellModel/ASCTableViewSearchResultCellModel.h; sourceTree = "<group>"; };
		FAAFB35A1C112A5E0047B717 /* ASCTableViewSearchResultCellModel.m */ = {isa = PBXFileReference; fileEncoding = 4; lastKnownFileType = sourcecode.c.objc; name = ASCTableViewSearchResultCellModel.m; path = Models/ASCTableViewSearchResultCellModel/ASCTableViewSearchResultCellModel.m; sourceTree = "<group>"; };
		FAAFB35C1C112A660047B717 /* ASCTableViewWebSearchResultCellModel.h */ = {isa = PBXFileReference; fileEncoding = 4; lastKnownFileType = sourcecode.c.h; name = ASCTableViewWebSearchResultCellModel.h; path = Models/ASCTableViewSearchResultCellModel/ASCTableViewWebSearchResultCellModel/ASCTableViewWebSearchResultCellModel.h; sourceTree = "<group>"; };
		FAAFB35D1C112A660047B717 /* ASCTableViewWebSearchResultCellModel.m */ = {isa = PBXFileReference; fileEncoding = 4; lastKnownFileType = sourcecode.c.objc; name = ASCTableViewWebSearchResultCellModel.m; path = Models/ASCTableViewSearchResultCellModel/ASCTableViewWebSearchResultCellModel/ASCTableViewWebSearchResultCellModel.m; sourceTree = "<group>"; };
		FAAFB3601C112AC00047B717 /* ASCTableViewImageSearchResultCellModel.h */ = {isa = PBXFileReference; fileEncoding = 4; lastKnownFileType = sourcecode.c.h; name = ASCTableViewImageSearchResultCellModel.h; path = Models/ASCTableViewSearchResultCellModel/ASCTableViewImageSearchResultCellModel/ASCTableViewImageSearchResultCellModel.h; sourceTree = "<group>"; };
		FAAFB3611C112AC00047B717 /* ASCTableViewImageSearchResultCellModel.m */ = {isa = PBXFileReference; fileEncoding = 4; lastKnownFileType = sourcecode.c.objc; name = ASCTableViewImageSearchResultCellModel.m; path = Models/ASCTableViewSearchResultCellModel/ASCTableViewImageSearchResultCellModel/ASCTableViewImageSearchResultCellModel.m; sourceTree = "<group>"; };
		FACBF8D71BFAA614000099B6 /* ASCWebSearchResultModel.h */ = {isa = PBXFileReference; fileEncoding = 4; lastKnownFileType = sourcecode.c.h; name = ASCWebSearchResultModel.h; path = Models/ASCSearchResultModel/ASCWebSearchResultModel/ASCWebSearchResultModel.h; sourceTree = "<group>"; };
		FACBF8D81BFAA614000099B6 /* ASCWebSearchResultModel.m */ = {isa = PBXFileReference; fileEncoding = 4; lastKnownFileType = sourcecode.c.objc; name = ASCWebSearchResultModel.m; path = Models/ASCSearchResultModel/ASCWebSearchResultModel/ASCWebSearchResultModel.m; sourceTree = "<group>"; };
		FACBF8DB1BFAA6DD000099B6 /* ASCImageSearchResultModel.h */ = {isa = PBXFileReference; fileEncoding = 4; lastKnownFileType = sourcecode.c.h; name = ASCImageSearchResultModel.h; path = Models/ASCSearchResultModel/ASCImageSearchResultModel/ASCImageSearchResultModel.h; sourceTree = "<group>"; };
		FACBF8DC1BFAA6DD000099B6 /* ASCImageSearchResultModel.m */ = {isa = PBXFileReference; fileEncoding = 4; lastKnownFileType = sourcecode.c.objc; name = ASCImageSearchResultModel.m; path = Models/ASCSearchResultModel/ASCImageSearchResultModel/ASCImageSearchResultModel.m; sourceTree = "<group>"; };
		FACE5ADE1C00047600B2C964 /* ASCSearchResultsViewController.h */ = {isa = PBXFileReference; fileEncoding = 4; lastKnownFileType = sourcecode.c.h; name = ASCSearchResultsViewController.h; path = ViewControllers/ASCSearchResultsViewController/ASCSearchResultsViewController.h; sourceTree = "<group>"; };
		FACE5ADF1C00047600B2C964 /* ASCSearchResultsViewController.m */ = {isa = PBXFileReference; fileEncoding = 4; lastKnownFileType = sourcecode.c.objc; name = ASCSearchResultsViewController.m; path = ViewControllers/ASCSearchResultsViewController/ASCSearchResultsViewController.m; sourceTree = "<group>"; };
		FAD5C2241C068C900061E13E /* ASCTextField.h */ = {isa = PBXFileReference; fileEncoding = 4; lastKnownFileType = sourcecode.c.h; name = ASCTextField.h; path = Views/ASCTextField/ASCTextField.h; sourceTree = "<group>"; };
		FAD5C2251C068C900061E13E /* ASCTextField.m */ = {isa = PBXFileReference; fileEncoding = 4; lastKnownFileType = sourcecode.c.objc; name = ASCTextField.m; path = Views/ASCTextField/ASCTextField.m; sourceTree = "<group>"; };
		FAD5C2281C068D880061E13E /* ASCSearchBar.h */ = {isa = PBXFileReference; fileEncoding = 4; lastKnownFileType = sourcecode.c.h; name = ASCSearchBar.h; path = Views/ASCSearchBar/ASCSearchBar.h; sourceTree = "<group>"; };
		FAD5C2291C068D880061E13E /* ASCSearchBar.m */ = {isa = PBXFileReference; fileEncoding = 4; lastKnownFileType = sourcecode.c.objc; name = ASCSearchBar.m; path = Views/ASCSearchBar/ASCSearchBar.m; sourceTree = "<group>"; };
		FAE640DE1BE163C000EBEFE2 /* ASCDataStore.h */ = {isa = PBXFileReference; fileEncoding = 4; lastKnownFileType = sourcecode.c.h; name = ASCDataStore.h; path = Utilities/DataStore/ASCDataStore.h; sourceTree = "<group>"; };
		FAE640DF1BE163C000EBEFE2 /* ASCDataStore.m */ = {isa = PBXFileReference; fileEncoding = 4; lastKnownFileType = sourcecode.c.objc; name = ASCDataStore.m; path = Utilities/DataStore/ASCDataStore.m; sourceTree = "<group>"; };
		FAF1E2E01C18A83D00D6AF69 /* ASCLocalLoader.h */ = {isa = PBXFileReference; fileEncoding = 4; lastKnownFileType = sourcecode.c.h; name = ASCLocalLoader.h; path = Utilities/ASCLoader/ASCLocalLoader/ASCLocalLoader.h; sourceTree = "<group>"; };
		FAF1E2E11C18A83D00D6AF69 /* ASCLocalLoader.m */ = {isa = PBXFileReference; fileEncoding = 4; lastKnownFileType = sourcecode.c.objc; name = ASCLocalLoader.m; path = Utilities/ASCLoader/ASCLocalLoader/ASCLocalLoader.m; sourceTree = "<group>"; };
		FAF6C1541BD41DEF00F966A1 /* SearchClient.app */ = {isa = PBXFileReference; explicitFileType = wrapper.application; includeInIndex = 0; path = SearchClient.app; sourceTree = BUILT_PRODUCTS_DIR; };
		FAF6C1581BD41DEF00F966A1 /* main.m */ = {isa = PBXFileReference; lastKnownFileType = sourcecode.c.objc; path = main.m; sourceTree = "<group>"; };
		FAF6C15A1BD41DEF00F966A1 /* ASCAppDelegate.h */ = {isa = PBXFileReference; lastKnownFileType = sourcecode.c.h; path = ASCAppDelegate.h; sourceTree = "<group>"; };
		FAF6C15B1BD41DEF00F966A1 /* ASCAppDelegate.m */ = {isa = PBXFileReference; lastKnownFileType = sourcecode.c.objc; path = ASCAppDelegate.m; sourceTree = "<group>"; };
		FAF6C1631BD41DEF00F966A1 /* Assets.xcassets */ = {isa = PBXFileReference; lastKnownFileType = folder.assetcatalog; path = Assets.xcassets; sourceTree = "<group>"; };
		FAF6C1661BD41DEF00F966A1 /* Base */ = {isa = PBXFileReference; lastKnownFileType = file.storyboard; name = Base; path = Base.lproj/LaunchScreen.storyboard; sourceTree = "<group>"; };
		FAF6C1681BD41DEF00F966A1 /* SearchClient-Info.plist */ = {isa = PBXFileReference; lastKnownFileType = text.plist.xml; path = "SearchClient-Info.plist"; sourceTree = "<group>"; };
		FAF6C16D1BD41DEF00F966A1 /* SearchClientTests.xctest */ = {isa = PBXFileReference; explicitFileType = wrapper.cfbundle; includeInIndex = 0; path = SearchClientTests.xctest; sourceTree = BUILT_PRODUCTS_DIR; };
		FAF6C1711BD41DEF00F966A1 /* SearchClientTests.m */ = {isa = PBXFileReference; lastKnownFileType = sourcecode.c.objc; path = SearchClientTests.m; sourceTree = "<group>"; };
		FAF6C1731BD41DEF00F966A1 /* Info.plist */ = {isa = PBXFileReference; lastKnownFileType = text.plist.xml; path = Info.plist; sourceTree = "<group>"; };
/* End PBXFileReference section */

/* Begin PBXFrameworksBuildPhase section */
		FAF6C1511BD41DEF00F966A1 /* Frameworks */ = {
			isa = PBXFrameworksBuildPhase;
			buildActionMask = 2147483647;
			files = (
				88E4B68C704E0BF3AE2EA7C2 /* libPods.a in Frameworks */,
			);
			runOnlyForDeploymentPostprocessing = 0;
		};
		FAF6C16A1BD41DEF00F966A1 /* Frameworks */ = {
			isa = PBXFrameworksBuildPhase;
			buildActionMask = 2147483647;
			files = (
			);
			runOnlyForDeploymentPostprocessing = 0;
		};
/* End PBXFrameworksBuildPhase section */

/* Begin PBXGroup section */
		898388D6C780411C3EF0447F /* Pods */ = {
			isa = PBXGroup;
			children = (
				8326D2F49571B16E25ABCB0F /* Pods.debug.xcconfig */,
				DF6E98A51038CD8D690B11E2 /* Pods.release.xcconfig */,
			);
			name = Pods;
			sourceTree = "<group>";
		};
		A41A454DF0C8201BFF9C030C /* Frameworks */ = {
			isa = PBXGroup;
			children = (
				829D015917BD0B9E7343DBAF /* libPods.a */,
			);
			name = Frameworks;
			sourceTree = "<group>";
		};
		FA0317311C0A8CB1003EF4C1 /* ASCAsyncImageView */ = {
			isa = PBXGroup;
			children = (
				FA0317321C0A8CD7003EF4C1 /* ASCAsyncImageView.h */,
				FA0317331C0A8CD7003EF4C1 /* ASCAsyncImageView.m */,
			);
			name = ASCAsyncImageView;
			sourceTree = "<group>";
		};
		FA0317351C0A8EDD003EF4C1 /* ASCImageLoader */ = {
			isa = PBXGroup;
			children = (
				FA0317361C0A8F0D003EF4C1 /* ASCImageLoader.h */,
				FA0317371C0A8F0D003EF4C1 /* ASCImageLoader.m */,
			);
			name = ASCImageLoader;
			sourceTree = "<group>";
		};
		FA0D1B761BD76590008ABE68 /* ASCCoverViewController */ = {
			isa = PBXGroup;
			children = (
				FA63E8BB1C0BEC600081B901 /* ASCCoverViewController.h */,
				FA63E8BC1C0BEC600081B901 /* ASCCoverViewController.m */,
				FA1526E71BD566180077D5A2 /* ASCCoverView */,
			);
			name = ASCCoverViewController;
			sourceTree = "<group>";
		};
		FA0FEECD1C00F8C40046F849 /* ASCSearchResultsView */ = {
			isa = PBXGroup;
			children = (
				FA0FEECE1C00F8E60046F849 /* ASCSearchResultsView.h */,
				FA0FEECF1C00F8E60046F849 /* ASCSearchResultsView.m */,
			);
			name = ASCSearchResultsView;
			sourceTree = "<group>";
		};
		FA1526E71BD566180077D5A2 /* ASCCoverView */ = {
			isa = PBXGroup;
			children = (
				FA63E8BE1C0BEC6C0081B901 /* ASCCoverView.h */,
				FA63E8BF1C0BEC6C0081B901 /* ASCCoverView.m */,
			);
			name = ASCCoverView;
			sourceTree = "<group>";
		};
		FA1526EB1BD567B30077D5A2 /* ASCTextField */ = {
			isa = PBXGroup;
			children = (
				FAD5C2241C068C900061E13E /* ASCTextField.h */,
				FAD5C2251C068C900061E13E /* ASCTextField.m */,
			);
			name = ASCTextField;
			sourceTree = "<group>";
		};
		FA1944A41BF2E267000A4712 /* ASCLoader */ = {
			isa = PBXGroup;
			children = (
				FAF1E2DF1C18A82A00D6AF69 /* ASCLocalLoader */,
				FA0317351C0A8EDD003EF4C1 /* ASCImageLoader */,
				FA966CE21BF6B6EC006FC8DB /* ASCSearchLoader */,
				FA1944A51BF2E279000A4712 /* ASCLoader.h */,
				FA1944A61BF2E279000A4712 /* ASCLoader.m */,
			);
			name = ASCLoader;
			sourceTree = "<group>";
		};
		FA1944BF1BF2E444000A4712 /* Models */ = {
			isa = PBXGroup;
			children = (
				FA28EB611C1125A900C05392 /* ASCTableViewSearchResultCellModel */,
				FA1944C01BF2E44A000A4712 /* ASCSearchResultModel */,
			);
			name = Models;
			sourceTree = "<group>";
		};
		FA1944C01BF2E44A000A4712 /* ASCSearchResultModel */ = {
			isa = PBXGroup;
			children = (
				FA997EE61BF2F46300101806 /* ASCSearchResultModel.h */,
				FA310C871BF7EFF900E386A5 /* ASCSearchResultModel.m */,
				FA1D5CB61C15275800857A6B /* ASCRelatedSearchResultModel */,
				FA3C65ED1C141EBC006A62AC /* ASCVideoSearchResultModel */,
				FA3C65E11C13FDAA006A62AC /* ASCSpellSearchResultModel */,
				FAA2CE901C0BF83D00DE7E5C /* ASCNewsSearchResultModel */,
				FACBF8DA1BFAA6C6000099B6 /* ASCImageSearchResultModel */,
				FACBF8D61BFAA5F5000099B6 /* ASCWebSearchResultModel */,
			);
			name = ASCSearchResultModel;
			sourceTree = "<group>";
		};
		FA1D5CAD1C14F20500857A6B /* ASCTableViewVideoSearchResultCell */ = {
			isa = PBXGroup;
			children = (
				FA1D5CAE1C14F24400857A6B /* ASCTableViewVideoSearchResultCell.h */,
				FA1D5CAF1C14F24400857A6B /* ASCTableViewVideoSearchResultCell.m */,
			);
			name = ASCTableViewVideoSearchResultCell;
			sourceTree = "<group>";
		};
		FA1D5CB11C14F26900857A6B /* ASCTableViewVideoSearchResultCellModel */ = {
			isa = PBXGroup;
			children = (
				FA1D5CB21C14F29A00857A6B /* ASCTableViewVideoSearchResultCellModel.h */,
				FA1D5CB31C14F29A00857A6B /* ASCTableViewVideoSearchResultCellModel.m */,
			);
			name = ASCTableViewVideoSearchResultCellModel;
			sourceTree = "<group>";
		};
		FA1D5CB61C15275800857A6B /* ASCRelatedSearchResultModel */ = {
			isa = PBXGroup;
			children = (
				FA1D5CB81C15278C00857A6B /* ASCRelatedSearchResultModel.h */,
				FA1D5CB91C15278C00857A6B /* ASCRelatedSearchResultModel.m */,
			);
			name = ASCRelatedSearchResultModel;
			sourceTree = "<group>";
		};
		FA1D5CBB1C15289100857A6B /* ASCTableViewRelatedSearchResultCellModel */ = {
			isa = PBXGroup;
			children = (
				FA1D5CBD1C1528DE00857A6B /* ASCTableViewRelatedSearchResultCellModel.h */,
				FA1D5CBE1C1528DE00857A6B /* ASCTableViewRelatedSearchResultCellModel.m */,
			);
			name = ASCTableViewRelatedSearchResultCellModel;
			sourceTree = "<group>";
		};
		FA1D5CC01C15297700857A6B /* ASCTableViewRelatedSearchResultCell */ = {
			isa = PBXGroup;
			children = (
				FA1D5CC11C15299A00857A6B /* ASCTableViewRelatedSearchResultCell.h */,
				FA1D5CC21C15299A00857A6B /* ASCTableViewRelatedSearchResultCell.m */,
			);
			name = ASCTableViewRelatedSearchResultCell;
			sourceTree = "<group>";
		};
		FA28EB611C1125A900C05392 /* ASCTableViewSearchResultCellModel */ = {
			isa = PBXGroup;
			children = (
				FAAFB3591C112A5E0047B717 /* ASCTableViewSearchResultCellModel.h */,
				FAAFB35A1C112A5E0047B717 /* ASCTableViewSearchResultCellModel.m */,
				FA1D5CBB1C15289100857A6B /* ASCTableViewRelatedSearchResultCellModel */,
				FA1D5CB11C14F26900857A6B /* ASCTableViewVideoSearchResultCellModel */,
				FA3C65E51C13FED3006A62AC /* ASCTableViewSpellingSearchResultCellModel */,
				FA3C65D91C13D645006A62AC /* ASCTableViewNewsSearchResultCellModel */,
				FAAFB35F1C112A940047B717 /* ASCTableViewImageSearchResultCellModel */,
				FAAFB3551C1129EC0047B717 /* ASCTableViewWebSearchResultCellModel */,
			);
			name = ASCTableViewSearchResultCellModel;
			sourceTree = "<group>";
		};
		FA3B0FE11BDEB9BA0057A1A2 /* Cells */ = {
			isa = PBXGroup;
			children = (
				FA1944B41BF2E324000A4712 /* ASCTableViewSearchHistoryCell.h */,
				FA1944B51BF2E324000A4712 /* ASCTableViewSearchHistoryCell.m */,
				FA310C891BF8087500E386A5 /* ASCTableViewSearchResultCell.h */,
				FA310C8A1BF8087500E386A5 /* ASCTableViewSearchResultCell.m */,
				FA1D5CC01C15297700857A6B /* ASCTableViewRelatedSearchResultCell */,
				FA1D5CAD1C14F20500857A6B /* ASCTableViewVideoSearchResultCell */,
				FA3C65E91C13FFF9006A62AC /* ASCTableViewSpellSearchResultCell */,
				FAA2CE941C0BF86F00DE7E5C /* ASCTableViewWebSearchResultCell */,
				FAA2CE961C0BF88C00DE7E5C /* ASCTableViewImageSearchResultCell */,
				FAA2CE971C0BF89C00DE7E5C /* ASCTableViewNewsSearchResultCell */,
			);
			name = Cells;
			sourceTree = "<group>";
		};
		FA3B0FE81BDECF900057A1A2 /* Utilities */ = {
			isa = PBXGroup;
			children = (
				FA8442BA1C0EC5F30025795B /* ASCNetwork */,
				FA1944A41BF2E267000A4712 /* ASCLoader */,
				FA4B2AA41BF182A700B78CF7 /* Categories */,
				FAE640DD1BE1639B00EBEFE2 /* DataStore */,
			);
			name = Utilities;
			sourceTree = "<group>";
		};
		FA3C65D91C13D645006A62AC /* ASCTableViewNewsSearchResultCellModel */ = {
			isa = PBXGroup;
			children = (
				FA3C65DA1C13D67C006A62AC /* ASCTableViewNewsSearchResultCellModel.h */,
				FA3C65DB1C13D67C006A62AC /* ASCTableViewNewsSearchResultCellModel.m */,
			);
			name = ASCTableViewNewsSearchResultCellModel;
			sourceTree = "<group>";
		};
		FA3C65E11C13FDAA006A62AC /* ASCSpellSearchResultModel */ = {
			isa = PBXGroup;
			children = (
				FA3C65E21C13FDD9006A62AC /* ASCSpellSearchResultModel.h */,
				FA3C65E31C13FDD9006A62AC /* ASCSpellSearchResultModel.m */,
			);
			name = ASCSpellSearchResultModel;
			sourceTree = "<group>";
		};
		FA3C65E51C13FED3006A62AC /* ASCTableViewSpellingSearchResultCellModel */ = {
			isa = PBXGroup;
			children = (
				FA3C65E61C13FF25006A62AC /* ASCTableViewSpellSearchResultCellModel.h */,
				FA3C65E71C13FF25006A62AC /* ASCTableViewSpellSearchResultCellModel.m */,
			);
			name = ASCTableViewSpellingSearchResultCellModel;
			sourceTree = "<group>";
		};
		FA3C65E91C13FFF9006A62AC /* ASCTableViewSpellSearchResultCell */ = {
			isa = PBXGroup;
			children = (
				FA3C65EA1C140023006A62AC /* ASCTableViewSpellSearchResultCell.h */,
				FA3C65EB1C140023006A62AC /* ASCTableViewSpellSearchResultCell.m */,
			);
			name = ASCTableViewSpellSearchResultCell;
			sourceTree = "<group>";
		};
		FA3C65ED1C141EBC006A62AC /* ASCVideoSearchResultModel */ = {
			isa = PBXGroup;
			children = (
				FA3C65EE1C141EE2006A62AC /* ASCVideoSearchResultModel.h */,
				FA3C65EF1C141EE2006A62AC /* ASCVideoSearchResultModel.m */,
			);
			name = ASCVideoSearchResultModel;
			sourceTree = "<group>";
		};
		FA41DFCD1BFC23D300DB57C0 /* ASCViewModel */ = {
			isa = PBXGroup;
			children = (
				FA41DFCE1BFC23EA00DB57C0 /* ASCViewModel.h */,
				FA41DFCF1BFC23EA00DB57C0 /* ASCViewModel.m */,
			);
			name = ASCViewModel;
			sourceTree = "<group>";
		};
		FA4B2AA41BF182A700B78CF7 /* Categories */ = {
			isa = PBXGroup;
			children = (
				FA4B2AA51BF1831100B78CF7 /* UIView+NSLayoutConstraint.h */,
				FA4B2AA61BF1831100B78CF7 /* UIView+NSLayoutConstraint.m */,
				FA400F4B1C02DD8E008873B8 /* NSMutableAttributedString+Replacement.h */,
				FA400F4C1C02DD8E008873B8 /* NSMutableAttributedString+Replacement.m */,
				FA638F4E1C09015100BDD439 /* UIColor+Google.h */,
				FA638F4F1C09015100BDD439 /* UIColor+Google.m */,
				FA3C65DD1C13DB2A006A62AC /* NSDate+ISO8601.h */,
				FA3C65DE1C13DB2A006A62AC /* NSDate+ISO8601.m */,
			);
			name = Categories;
			sourceTree = "<group>";
		};
		FA638F421C08F9BE00BDD439 /* ASCCollectionView */ = {
			isa = PBXGroup;
			children = (
				FA638F431C08F9D200BDD439 /* ASCCollectionView.h */,
				FA638F441C08F9D200BDD439 /* ASCCollectionView.m */,
				FA638F461C08F9DA00BDD439 /* Cells */,
			);
			name = ASCCollectionView;
			sourceTree = "<group>";
		};
		FA638F461C08F9DA00BDD439 /* Cells */ = {
			isa = PBXGroup;
			children = (
				FA638F471C08F9EE00BDD439 /* ASCCollectionViewCell.h */,
				FA638F481C08F9EE00BDD439 /* ASCCollectionViewCell.m */,
			);
			name = Cells;
			sourceTree = "<group>";
		};
		FA6F57801BE0647E00C959B2 /* ASCViewController */ = {
			isa = PBXGroup;
			children = (
				FA1944A81BF2E2C4000A4712 /* ASCViewController.h */,
				FA1944A91BF2E2C4000A4712 /* ASCViewController.m */,
				FA63E8B51C0BEC500081B901 /* ASCSearchHistoryTableViewDelegateAndDatasource.h */,
				FA63E8B61C0BEC500081B901 /* ASCSearchHistoryTableViewDelegateAndDatasource.m */,
				FA731FB01C011AF700B07E92 /* ASCView */,
			);
			name = ASCViewController;
			sourceTree = "<group>";
		};
		FA6F57841BE0672700C959B2 /* ASCSearchResultsViewModel */ = {
			isa = PBXGroup;
			children = (
				FA997EE31BF2F44100101806 /* ASCSearchResultsViewModel.h */,
				FA997EE41BF2F44100101806 /* ASCSearchResultsViewModel.m */,
			);
			name = ASCSearchResultsViewModel;
			sourceTree = "<group>";
		};
		FA731FB01C011AF700B07E92 /* ASCView */ = {
			isa = PBXGroup;
			children = (
				FA731FB11C011B2600B07E92 /* ASCView.h */,
				FA731FB21C011B2600B07E92 /* ASCView.m */,
			);
			name = ASCView;
			sourceTree = "<group>";
		};
		FA8442BA1C0EC5F30025795B /* ASCNetwork */ = {
			isa = PBXGroup;
			children = (
				FA8442BB1C0EC61B0025795B /* ASCNetwork.h */,
				FA8442BC1C0EC61B0025795B /* ASCNetwork.m */,
			);
			name = ASCNetwork;
			sourceTree = "<group>";
		};
		FA966CE21BF6B6EC006FC8DB /* ASCSearchLoader */ = {
			isa = PBXGroup;
			children = (
				FA0317391C0A8F27003EF4C1 /* ASCSearchLoader.h */,
				FA03173A1C0A8F27003EF4C1 /* ASCSearchLoader.m */,
			);
			name = ASCSearchLoader;
			sourceTree = "<group>";
		};
		FAA2CE901C0BF83D00DE7E5C /* ASCNewsSearchResultModel */ = {
			isa = PBXGroup;
			children = (
				FAA2CE911C0BF86300DE7E5C /* ASCNewsSearchResultModel.h */,
				FAA2CE921C0BF86300DE7E5C /* ASCNewsSearchResultModel.m */,
			);
			name = ASCNewsSearchResultModel;
			sourceTree = "<group>";
		};
		FAA2CE941C0BF86F00DE7E5C /* ASCTableViewWebSearchResultCell */ = {
			isa = PBXGroup;
			children = (
				FA0CEA611C0A5B89002C4248 /* ASCTableViewWebSearchResultCell.h */,
				FA0CEA621C0A5B89002C4248 /* ASCTableViewWebSearchResultCell.m */,
			);
			name = ASCTableViewWebSearchResultCell;
			sourceTree = "<group>";
		};
		FAA2CE961C0BF88C00DE7E5C /* ASCTableViewImageSearchResultCell */ = {
			isa = PBXGroup;
			children = (
				FA97D21D1C0A6BF7004FEE82 /* ASCTableViewImageSearchResultCell.h */,
				FA97D21E1C0A6BF7004FEE82 /* ASCTableViewImageSearchResultCell.m */,
			);
			name = ASCTableViewImageSearchResultCell;
			sourceTree = "<group>";
		};
		FAA2CE971C0BF89C00DE7E5C /* ASCTableViewNewsSearchResultCell */ = {
			isa = PBXGroup;
			children = (
				FAA8BD651C0BF1A400F69904 /* ASCTableViewNewsSearchResultCell.h */,
				FAA8BD661C0BF1A400F69904 /* ASCTableViewNewsSearchResultCell.m */,
			);
			name = ASCTableViewNewsSearchResultCell;
			sourceTree = "<group>";
		};
		FAAFB3551C1129EC0047B717 /* ASCTableViewWebSearchResultCellModel */ = {
			isa = PBXGroup;
			children = (
				FAAFB35C1C112A660047B717 /* ASCTableViewWebSearchResultCellModel.h */,
				FAAFB35D1C112A660047B717 /* ASCTableViewWebSearchResultCellModel.m */,
			);
			name = ASCTableViewWebSearchResultCellModel;
			sourceTree = "<group>";
		};
		FAAFB35F1C112A940047B717 /* ASCTableViewImageSearchResultCellModel */ = {
			isa = PBXGroup;
			children = (
				FAAFB3601C112AC00047B717 /* ASCTableViewImageSearchResultCellModel.h */,
				FAAFB3611C112AC00047B717 /* ASCTableViewImageSearchResultCellModel.m */,
			);
			name = ASCTableViewImageSearchResultCellModel;
			sourceTree = "<group>";
		};
		FACBF8D61BFAA5F5000099B6 /* ASCWebSearchResultModel */ = {
			isa = PBXGroup;
			children = (
				FACBF8D71BFAA614000099B6 /* ASCWebSearchResultModel.h */,
				FACBF8D81BFAA614000099B6 /* ASCWebSearchResultModel.m */,
			);
			name = ASCWebSearchResultModel;
			sourceTree = "<group>";
		};
		FACBF8DA1BFAA6C6000099B6 /* ASCImageSearchResultModel */ = {
			isa = PBXGroup;
			children = (
				FACBF8DB1BFAA6DD000099B6 /* ASCImageSearchResultModel.h */,
				FACBF8DC1BFAA6DD000099B6 /* ASCImageSearchResultModel.m */,
			);
			name = ASCImageSearchResultModel;
			sourceTree = "<group>";
		};
		FACE5ADD1C00044E00B2C964 /* ASCSearchResultsViewController */ = {
			isa = PBXGroup;
			children = (
				FACE5ADE1C00047600B2C964 /* ASCSearchResultsViewController.h */,
				FACE5ADF1C00047600B2C964 /* ASCSearchResultsViewController.m */,
				FAA8BD621C0BEFD100F69904 /* ASCSearchResultsTableViewDelegateAndDatasource.h */,
				FAA8BD631C0BEFD100F69904 /* ASCSearchResultsTableViewDelegateAndDatasource.m */,
				FA0FEECD1C00F8C40046F849 /* ASCSearchResultsView */,
			);
			name = ASCSearchResultsViewController;
			sourceTree = "<group>";
		};
		FAD5C2271C068D650061E13E /* ASCSearchBar */ = {
			isa = PBXGroup;
			children = (
				FAD5C2281C068D880061E13E /* ASCSearchBar.h */,
				FAD5C2291C068D880061E13E /* ASCSearchBar.m */,
			);
			name = ASCSearchBar;
			sourceTree = "<group>";
		};
		FAE46EB91BDC2B5300B55E00 /* ASCTableView */ = {
			isa = PBXGroup;
			children = (
				FA1944B11BF2E317000A4712 /* ASCTableView.h */,
				FA1944B21BF2E317000A4712 /* ASCTableView.m */,
				FA3B0FE11BDEB9BA0057A1A2 /* Cells */,
			);
			name = ASCTableView;
			sourceTree = "<group>";
		};
		FAE640DD1BE1639B00EBEFE2 /* DataStore */ = {
			isa = PBXGroup;
			children = (
				FAE640DE1BE163C000EBEFE2 /* ASCDataStore.h */,
				FAE640DF1BE163C000EBEFE2 /* ASCDataStore.m */,
			);
			name = DataStore;
			sourceTree = "<group>";
		};
		FAEDD4B71BFC22C7005A88B0 /* ASCSearchHistoryViewModel */ = {
			isa = PBXGroup;
			children = (
				FA63E8C11C0BEC7D0081B901 /* ASCSearchHistoryViewModel.h */,
				FA63E8C21C0BEC7D0081B901 /* ASCSearchHistoryViewModel.m */,
			);
			name = ASCSearchHistoryViewModel;
			sourceTree = "<group>";
		};
		FAF1E2DF1C18A82A00D6AF69 /* ASCLocalLoader */ = {
			isa = PBXGroup;
			children = (
				FAF1E2E01C18A83D00D6AF69 /* ASCLocalLoader.h */,
				FAF1E2E11C18A83D00D6AF69 /* ASCLocalLoader.m */,
			);
			name = ASCLocalLoader;
			sourceTree = "<group>";
		};
		FAF6C14B1BD41DEE00F966A1 = {
			isa = PBXGroup;
			children = (
				FAF6C1561BD41DEF00F966A1 /* SearchClient */,
				FAF6C1701BD41DEF00F966A1 /* SearchClientTests */,
				FAF6C1551BD41DEF00F966A1 /* Products */,
				898388D6C780411C3EF0447F /* Pods */,
				A41A454DF0C8201BFF9C030C /* Frameworks */,
			);
			sourceTree = "<group>";
		};
		FAF6C1551BD41DEF00F966A1 /* Products */ = {
			isa = PBXGroup;
			children = (
				FAF6C1541BD41DEF00F966A1 /* SearchClient.app */,
				FAF6C16D1BD41DEF00F966A1 /* SearchClientTests.xctest */,
			);
			name = Products;
			sourceTree = "<group>";
		};
		FAF6C1561BD41DEF00F966A1 /* SearchClient */ = {
			isa = PBXGroup;
			children = (
				FA3B0FE81BDECF900057A1A2 /* Utilities */,
				FAF6C17E1BD41E3000F966A1 /* ViewControllers */,
				FA1944BF1BF2E444000A4712 /* Models */,
				FAF6C17D1BD41E2A00F966A1 /* Views */,
				FAF6C17C1BD41E2200F966A1 /* ViewModels */,
				FAF6C15A1BD41DEF00F966A1 /* ASCAppDelegate.h */,
				FAF6C15B1BD41DEF00F966A1 /* ASCAppDelegate.m */,
				FA4B2AAA1BF185B700B78CF7 /* SearchClient-Prefix.pch */,
				FAF6C1631BD41DEF00F966A1 /* Assets.xcassets */,
				FAF6C1651BD41DEF00F966A1 /* LaunchScreen.storyboard */,
				FAF6C1681BD41DEF00F966A1 /* SearchClient-Info.plist */,
				FAF6C1571BD41DEF00F966A1 /* Supporting Files */,
			);
			path = SearchClient;
			sourceTree = "<group>";
		};
		FAF6C1571BD41DEF00F966A1 /* Supporting Files */ = {
			isa = PBXGroup;
			children = (
				FAF6C1581BD41DEF00F966A1 /* main.m */,
			);
			name = "Supporting Files";
			sourceTree = "<group>";
		};
		FAF6C1701BD41DEF00F966A1 /* SearchClientTests */ = {
			isa = PBXGroup;
			children = (
				FAF6C1711BD41DEF00F966A1 /* SearchClientTests.m */,
				FAF6C1731BD41DEF00F966A1 /* Info.plist */,
			);
			path = SearchClientTests;
			sourceTree = "<group>";
		};
		FAF6C17C1BD41E2200F966A1 /* ViewModels */ = {
			isa = PBXGroup;
			children = (
				FA41DFCD1BFC23D300DB57C0 /* ASCViewModel */,
				FAEDD4B71BFC22C7005A88B0 /* ASCSearchHistoryViewModel */,
				FA6F57841BE0672700C959B2 /* ASCSearchResultsViewModel */,
			);
			name = ViewModels;
			sourceTree = "<group>";
		};
		FAF6C17D1BD41E2A00F966A1 /* Views */ = {
			isa = PBXGroup;
			children = (
				FA0317311C0A8CB1003EF4C1 /* ASCAsyncImageView */,
				FA638F421C08F9BE00BDD439 /* ASCCollectionView */,
				FAD5C2271C068D650061E13E /* ASCSearchBar */,
				FA1526EB1BD567B30077D5A2 /* ASCTextField */,
				FAE46EB91BDC2B5300B55E00 /* ASCTableView */,
			);
			name = Views;
			sourceTree = "<group>";
		};
		FAF6C17E1BD41E3000F966A1 /* ViewControllers */ = {
			isa = PBXGroup;
			children = (
				FACE5ADD1C00044E00B2C964 /* ASCSearchResultsViewController */,
				FA6F57801BE0647E00C959B2 /* ASCViewController */,
				FA0D1B761BD76590008ABE68 /* ASCCoverViewController */,
			);
			name = ViewControllers;
			sourceTree = "<group>";
		};
/* End PBXGroup section */

/* Begin PBXNativeTarget section */
		FAF6C1531BD41DEF00F966A1 /* SearchClient */ = {
			isa = PBXNativeTarget;
			buildConfigurationList = FAF6C1761BD41DEF00F966A1 /* Build configuration list for PBXNativeTarget "SearchClient" */;
			buildPhases = (
				E07C12C35EEDE150CF768305 /* Check Pods Manifest.lock */,
				FAF6C1501BD41DEF00F966A1 /* Sources */,
				FAF6C1511BD41DEF00F966A1 /* Frameworks */,
				FAF6C1521BD41DEF00F966A1 /* Resources */,
				8354E029804F02756F279A05 /* Embed Pods Frameworks */,
				28C19C8F00C9C20FCD3653D6 /* Copy Pods Resources */,
			);
			buildRules = (
			);
			dependencies = (
			);
			name = SearchClient;
			productName = SearchClient;
			productReference = FAF6C1541BD41DEF00F966A1 /* SearchClient.app */;
			productType = "com.apple.product-type.application";
		};
		FAF6C16C1BD41DEF00F966A1 /* SearchClientTests */ = {
			isa = PBXNativeTarget;
			buildConfigurationList = FAF6C1791BD41DEF00F966A1 /* Build configuration list for PBXNativeTarget "SearchClientTests" */;
			buildPhases = (
				FAF6C1691BD41DEF00F966A1 /* Sources */,
				FAF6C16A1BD41DEF00F966A1 /* Frameworks */,
				FAF6C16B1BD41DEF00F966A1 /* Resources */,
			);
			buildRules = (
			);
			dependencies = (
				FAF6C16F1BD41DEF00F966A1 /* PBXTargetDependency */,
			);
			name = SearchClientTests;
			productName = SearchClientTests;
			productReference = FAF6C16D1BD41DEF00F966A1 /* SearchClientTests.xctest */;
			productType = "com.apple.product-type.bundle.unit-test";
		};
/* End PBXNativeTarget section */

/* Begin PBXProject section */
		FAF6C14C1BD41DEE00F966A1 /* Project object */ = {
			isa = PBXProject;
			attributes = {
				CLASSPREFIX = ASC;
				LastUpgradeCheck = 0700;
				ORGANIZATIONNAME = "Alex Hill";
				TargetAttributes = {
					FAF6C1531BD41DEF00F966A1 = {
						CreatedOnToolsVersion = 7.0.1;
						DevelopmentTeam = P9N4YC4A25;
					};
					FAF6C16C1BD41DEF00F966A1 = {
						CreatedOnToolsVersion = 7.0.1;
						DevelopmentTeam = P9N4YC4A25;
						TestTargetID = FAF6C1531BD41DEF00F966A1;
					};
				};
			};
			buildConfigurationList = FAF6C14F1BD41DEE00F966A1 /* Build configuration list for PBXProject "SearchClient" */;
			compatibilityVersion = "Xcode 3.2";
			developmentRegion = English;
			hasScannedForEncodings = 0;
			knownRegions = (
				en,
				Base,
			);
			mainGroup = FAF6C14B1BD41DEE00F966A1;
			productRefGroup = FAF6C1551BD41DEF00F966A1 /* Products */;
			projectDirPath = "";
			projectRoot = "";
			targets = (
				FAF6C1531BD41DEF00F966A1 /* SearchClient */,
				FAF6C16C1BD41DEF00F966A1 /* SearchClientTests */,
			);
		};
/* End PBXProject section */

/* Begin PBXResourcesBuildPhase section */
		FAF6C1521BD41DEF00F966A1 /* Resources */ = {
			isa = PBXResourcesBuildPhase;
			buildActionMask = 2147483647;
			files = (
				FAF6C1671BD41DEF00F966A1 /* LaunchScreen.storyboard in Resources */,
				FAF6C1641BD41DEF00F966A1 /* Assets.xcassets in Resources */,
			);
			runOnlyForDeploymentPostprocessing = 0;
		};
		FAF6C16B1BD41DEF00F966A1 /* Resources */ = {
			isa = PBXResourcesBuildPhase;
			buildActionMask = 2147483647;
			files = (
			);
			runOnlyForDeploymentPostprocessing = 0;
		};
/* End PBXResourcesBuildPhase section */

/* Begin PBXShellScriptBuildPhase section */
		28C19C8F00C9C20FCD3653D6 /* Copy Pods Resources */ = {
			isa = PBXShellScriptBuildPhase;
			buildActionMask = 2147483647;
			files = (
			);
			inputPaths = (
			);
			name = "Copy Pods Resources";
			outputPaths = (
			);
			runOnlyForDeploymentPostprocessing = 0;
			shellPath = /bin/sh;
			shellScript = "\"${SRCROOT}/Pods/Target Support Files/Pods/Pods-resources.sh\"\n";
			showEnvVarsInLog = 0;
		};
		8354E029804F02756F279A05 /* Embed Pods Frameworks */ = {
			isa = PBXShellScriptBuildPhase;
			buildActionMask = 2147483647;
			files = (
			);
			inputPaths = (
			);
			name = "Embed Pods Frameworks";
			outputPaths = (
			);
			runOnlyForDeploymentPostprocessing = 0;
			shellPath = /bin/sh;
			shellScript = "\"${SRCROOT}/Pods/Target Support Files/Pods/Pods-frameworks.sh\"\n";
			showEnvVarsInLog = 0;
		};
		E07C12C35EEDE150CF768305 /* Check Pods Manifest.lock */ = {
			isa = PBXShellScriptBuildPhase;
			buildActionMask = 2147483647;
			files = (
			);
			inputPaths = (
			);
			name = "Check Pods Manifest.lock";
			outputPaths = (
			);
			runOnlyForDeploymentPostprocessing = 0;
			shellPath = /bin/sh;
			shellScript = "diff \"${PODS_ROOT}/../Podfile.lock\" \"${PODS_ROOT}/Manifest.lock\" > /dev/null\nif [[ $? != 0 ]] ; then\n    cat << EOM\nerror: The sandbox is not in sync with the Podfile.lock. Run 'pod install' or update your CocoaPods installation.\nEOM\n    exit 1\nfi\n";
			showEnvVarsInLog = 0;
		};
/* End PBXShellScriptBuildPhase section */

/* Begin PBXSourcesBuildPhase section */
		FAF6C1501BD41DEF00F966A1 /* Sources */ = {
			isa = PBXSourcesBuildPhase;
			buildActionMask = 2147483647;
			files = (
				FA638F451C08F9D200BDD439 /* ASCCollectionView.m in Sources */,
				FA63E8B91C0BEC500081B901 /* ASCSearchHistoryTableViewDelegateAndDatasource.m in Sources */,
				FA997EE51BF2F44100101806 /* ASCSearchResultsViewModel.m in Sources */,
				FA1944A71BF2E279000A4712 /* ASCLoader.m in Sources */,
				FAF6C15C1BD41DEF00F966A1 /* ASCAppDelegate.m in Sources */,
				FA0317381C0A8F0D003EF4C1 /* ASCImageLoader.m in Sources */,
				FA1D5CBA1C15278C00857A6B /* ASCRelatedSearchResultModel.m in Sources */,
				FA97D21F1C0A6BF7004FEE82 /* ASCTableViewImageSearchResultCell.m in Sources */,
				FA41DFD01BFC23EA00DB57C0 /* ASCViewModel.m in Sources */,
				FA1D5CBF1C1528DE00857A6B /* ASCTableViewRelatedSearchResultCellModel.m in Sources */,
				FA638F491C08F9EE00BDD439 /* ASCCollectionViewCell.m in Sources */,
				FA1D5CB41C14F29A00857A6B /* ASCTableViewVideoSearchResultCellModel.m in Sources */,
				FACBF8D91BFAA614000099B6 /* ASCWebSearchResultModel.m in Sources */,
				FA3C65DC1C13D67C006A62AC /* ASCTableViewNewsSearchResultCellModel.m in Sources */,
				FAAFB35B1C112A5E0047B717 /* ASCTableViewSearchResultCellModel.m in Sources */,
				FA1944B31BF2E317000A4712 /* ASCTableView.m in Sources */,
				FA1944B61BF2E324000A4712 /* ASCTableViewSearchHistoryCell.m in Sources */,
				FA638F501C09015100BDD439 /* UIColor+Google.m in Sources */,
				FA1D5CC31C15299A00857A6B /* ASCTableViewRelatedSearchResultCell.m in Sources */,
				FA3C65E81C13FF25006A62AC /* ASCTableViewSpellSearchResultCellModel.m in Sources */,
				FA63E8BD1C0BEC600081B901 /* ASCCoverViewController.m in Sources */,
				FAAFB35E1C112A660047B717 /* ASCTableViewWebSearchResultCellModel.m in Sources */,
				FA400F4D1C02DD8E008873B8 /* NSMutableAttributedString+Replacement.m in Sources */,
				FA0CEA631C0A5B89002C4248 /* ASCTableViewWebSearchResultCell.m in Sources */,
				FAD5C2261C068C900061E13E /* ASCTextField.m in Sources */,
				FA3C65DF1C13DB2A006A62AC /* NSDate+ISO8601.m in Sources */,
				FA03173B1C0A8F27003EF4C1 /* ASCSearchLoader.m in Sources */,
				FA63E8C01C0BEC6C0081B901 /* ASCCoverView.m in Sources */,
				FACE5AE01C00047600B2C964 /* ASCSearchResultsViewController.m in Sources */,
				FAAFB3621C112AC00047B717 /* ASCTableViewImageSearchResultCellModel.m in Sources */,
				FAD5C22A1C068D880061E13E /* ASCSearchBar.m in Sources */,
				FACBF8DD1BFAA6DD000099B6 /* ASCImageSearchResultModel.m in Sources */,
				FA1D5CB01C14F24400857A6B /* ASCTableViewVideoSearchResultCell.m in Sources */,
				FA3C65F01C141EE2006A62AC /* ASCVideoSearchResultModel.m in Sources */,
				FA310C881BF7EFF900E386A5 /* ASCSearchResultModel.m in Sources */,
				FA0317341C0A8CD7003EF4C1 /* ASCAsyncImageView.m in Sources */,
				FAA8BD641C0BEFD100F69904 /* ASCSearchResultsTableViewDelegateAndDatasource.m in Sources */,
				FA310C8B1BF8087500E386A5 /* ASCTableViewSearchResultCell.m in Sources */,
				FA731FB31C011B2600B07E92 /* ASCView.m in Sources */,
				FA3C65EC1C140023006A62AC /* ASCTableViewSpellSearchResultCell.m in Sources */,
				FAF1E2E21C18A83D00D6AF69 /* ASCLocalLoader.m in Sources */,
				FAA2CE931C0BF86300DE7E5C /* ASCNewsSearchResultModel.m in Sources */,
				FAA8BD671C0BF1A400F69904 /* ASCTableViewNewsSearchResultCell.m in Sources */,
				FA8442BD1C0EC61B0025795B /* ASCNetwork.m in Sources */,
				FA0FEED01C00F8E60046F849 /* ASCSearchResultsView.m in Sources */,
				FA63E8C31C0BEC7D0081B901 /* ASCSearchHistoryViewModel.m in Sources */,
				FAF6C1591BD41DEF00F966A1 /* main.m in Sources */,
				FA4B2AA71BF1831100B78CF7 /* UIView+NSLayoutConstraint.m in Sources */,
				FAE640E01BE163C000EBEFE2 /* ASCDataStore.m in Sources */,
				FA1944AA1BF2E2C4000A4712 /* ASCViewController.m in Sources */,
				FA3C65E41C13FDD9006A62AC /* ASCSpellSearchResultModel.m in Sources */,
			);
			runOnlyForDeploymentPostprocessing = 0;
		};
		FAF6C1691BD41DEF00F966A1 /* Sources */ = {
			isa = PBXSourcesBuildPhase;
			buildActionMask = 2147483647;
			files = (
				FAF6C1721BD41DEF00F966A1 /* SearchClientTests.m in Sources */,
			);
			runOnlyForDeploymentPostprocessing = 0;
		};
/* End PBXSourcesBuildPhase section */

/* Begin PBXTargetDependency section */
		FAF6C16F1BD41DEF00F966A1 /* PBXTargetDependency */ = {
			isa = PBXTargetDependency;
			target = FAF6C1531BD41DEF00F966A1 /* SearchClient */;
			targetProxy = FAF6C16E1BD41DEF00F966A1 /* PBXContainerItemProxy */;
		};
/* End PBXTargetDependency section */

/* Begin PBXVariantGroup section */
		FAF6C1651BD41DEF00F966A1 /* LaunchScreen.storyboard */ = {
			isa = PBXVariantGroup;
			children = (
				FAF6C1661BD41DEF00F966A1 /* Base */,
			);
			name = LaunchScreen.storyboard;
			sourceTree = "<group>";
		};
/* End PBXVariantGroup section */

/* Begin XCBuildConfiguration section */
		FAF6C1741BD41DEF00F966A1 /* Debug */ = {
			isa = XCBuildConfiguration;
			buildSettings = {
				ALWAYS_SEARCH_USER_PATHS = NO;
				CLANG_CXX_LANGUAGE_STANDARD = "gnu++0x";
				CLANG_CXX_LIBRARY = "libc++";
				CLANG_ENABLE_MODULES = YES;
				CLANG_ENABLE_OBJC_ARC = YES;
				CLANG_WARN_BOOL_CONVERSION = YES;
				CLANG_WARN_CONSTANT_CONVERSION = YES;
				CLANG_WARN_DIRECT_OBJC_ISA_USAGE = YES_ERROR;
				CLANG_WARN_EMPTY_BODY = YES;
				CLANG_WARN_ENUM_CONVERSION = YES;
				CLANG_WARN_INT_CONVERSION = YES;
				CLANG_WARN_OBJC_ROOT_CLASS = YES_ERROR;
				CLANG_WARN_UNREACHABLE_CODE = YES;
				CLANG_WARN__DUPLICATE_METHOD_MATCH = YES;
				"CODE_SIGN_IDENTITY[sdk=iphoneos*]" = "iPhone Developer";
				COPY_PHASE_STRIP = NO;
				DEBUG_INFORMATION_FORMAT = dwarf;
				ENABLE_STRICT_OBJC_MSGSEND = YES;
				ENABLE_TESTABILITY = YES;
				GCC_C_LANGUAGE_STANDARD = gnu99;
				GCC_DYNAMIC_NO_PIC = NO;
				GCC_NO_COMMON_BLOCKS = YES;
				GCC_OPTIMIZATION_LEVEL = 0;
				GCC_PREPROCESSOR_DEFINITIONS = (
					"DEBUG=1",
					"$(inherited)",
				);
				GCC_WARN_64_TO_32_BIT_CONVERSION = YES;
				GCC_WARN_ABOUT_RETURN_TYPE = YES_ERROR;
				GCC_WARN_UNDECLARED_SELECTOR = YES;
				GCC_WARN_UNINITIALIZED_AUTOS = YES_AGGRESSIVE;
				GCC_WARN_UNUSED_FUNCTION = YES;
				GCC_WARN_UNUSED_VARIABLE = YES;
				IPHONEOS_DEPLOYMENT_TARGET = 9.0;
				MTL_ENABLE_DEBUG_INFO = YES;
				ONLY_ACTIVE_ARCH = YES;
				SDKROOT = iphoneos;
				TARGETED_DEVICE_FAMILY = "1,2";
			};
			name = Debug;
		};
		FAF6C1751BD41DEF00F966A1 /* Release */ = {
			isa = XCBuildConfiguration;
			buildSettings = {
				ALWAYS_SEARCH_USER_PATHS = NO;
				CLANG_CXX_LANGUAGE_STANDARD = "gnu++0x";
				CLANG_CXX_LIBRARY = "libc++";
				CLANG_ENABLE_MODULES = YES;
				CLANG_ENABLE_OBJC_ARC = YES;
				CLANG_WARN_BOOL_CONVERSION = YES;
				CLANG_WARN_CONSTANT_CONVERSION = YES;
				CLANG_WARN_DIRECT_OBJC_ISA_USAGE = YES_ERROR;
				CLANG_WARN_EMPTY_BODY = YES;
				CLANG_WARN_ENUM_CONVERSION = YES;
				CLANG_WARN_INT_CONVERSION = YES;
				CLANG_WARN_OBJC_ROOT_CLASS = YES_ERROR;
				CLANG_WARN_UNREACHABLE_CODE = YES;
				CLANG_WARN__DUPLICATE_METHOD_MATCH = YES;
				"CODE_SIGN_IDENTITY[sdk=iphoneos*]" = "iPhone Developer";
				COPY_PHASE_STRIP = NO;
				DEBUG_INFORMATION_FORMAT = "dwarf-with-dsym";
				ENABLE_NS_ASSERTIONS = NO;
				ENABLE_STRICT_OBJC_MSGSEND = YES;
				GCC_C_LANGUAGE_STANDARD = gnu99;
				GCC_NO_COMMON_BLOCKS = YES;
				GCC_WARN_64_TO_32_BIT_CONVERSION = YES;
				GCC_WARN_ABOUT_RETURN_TYPE = YES_ERROR;
				GCC_WARN_UNDECLARED_SELECTOR = YES;
				GCC_WARN_UNINITIALIZED_AUTOS = YES_AGGRESSIVE;
				GCC_WARN_UNUSED_FUNCTION = YES;
				GCC_WARN_UNUSED_VARIABLE = YES;
				IPHONEOS_DEPLOYMENT_TARGET = 9.0;
				MTL_ENABLE_DEBUG_INFO = NO;
				SDKROOT = iphoneos;
				TARGETED_DEVICE_FAMILY = "1,2";
				VALIDATE_PRODUCT = YES;
			};
			name = Release;
		};
		FAF6C1771BD41DEF00F966A1 /* Debug */ = {
			isa = XCBuildConfiguration;
			baseConfigurationReference = 8326D2F49571B16E25ABCB0F /* Pods.debug.xcconfig */;
			buildSettings = {
				ASSETCATALOG_COMPILER_APPICON_NAME = AppIcon;
				CODE_SIGN_IDENTITY = "iPhone Developer";
				GCC_PRECOMPILE_PREFIX_HEADER = YES;
				GCC_PREFIX_HEADER = "SearchClient/SearchClient-Prefix.pch";
				INFOPLIST_FILE = "SearchClient/SearchClient-Info.plist";
				IPHONEOS_DEPLOYMENT_TARGET = 9.1;
				LD_RUNPATH_SEARCH_PATHS = "$(inherited) @executable_path/Frameworks";
				PRODUCT_BUNDLE_IDENTIFIER = com.ahill.SearchClient;
				PRODUCT_NAME = "$(TARGET_NAME)";
			};
			name = Debug;
		};
		FAF6C1781BD41DEF00F966A1 /* Release */ = {
			isa = XCBuildConfiguration;
			baseConfigurationReference = DF6E98A51038CD8D690B11E2 /* Pods.release.xcconfig */;
			buildSettings = {
				ASSETCATALOG_COMPILER_APPICON_NAME = AppIcon;
				CODE_SIGN_IDENTITY = "iPhone Developer";
				GCC_PRECOMPILE_PREFIX_HEADER = YES;
				GCC_PREFIX_HEADER = "SearchClient/SearchClient-Prefix.pch";
				INFOPLIST_FILE = "SearchClient/SearchClient-Info.plist";
				IPHONEOS_DEPLOYMENT_TARGET = 9.1;
				LD_RUNPATH_SEARCH_PATHS = "$(inherited) @executable_path/Frameworks";
				PRODUCT_BUNDLE_IDENTIFIER = com.ahill.SearchClient;
				PRODUCT_NAME = "$(TARGET_NAME)";
			};
			name = Release;
		};
		FAF6C17A1BD41DEF00F966A1 /* Debug */ = {
			isa = XCBuildConfiguration;
			buildSettings = {
				BUNDLE_LOADER = "$(TEST_HOST)";
				INFOPLIST_FILE = SearchClientTests/Info.plist;
				LD_RUNPATH_SEARCH_PATHS = "$(inherited) @executable_path/Frameworks @loader_path/Frameworks";
				PRODUCT_BUNDLE_IDENTIFIER = com.ahill.SearchClientTests;
				PRODUCT_NAME = "$(TARGET_NAME)";
				TEST_HOST = "$(BUILT_PRODUCTS_DIR)/SearchClient.app/SearchClient";
			};
			name = Debug;
		};
		FAF6C17B1BD41DEF00F966A1 /* Release */ = {
			isa = XCBuildConfiguration;
			buildSettings = {
				BUNDLE_LOADER = "$(TEST_HOST)";
				INFOPLIST_FILE = SearchClientTests/Info.plist;
				LD_RUNPATH_SEARCH_PATHS = "$(inherited) @executable_path/Frameworks @loader_path/Frameworks";
				PRODUCT_BUNDLE_IDENTIFIER = com.ahill.SearchClientTests;
				PRODUCT_NAME = "$(TARGET_NAME)";
				TEST_HOST = "$(BUILT_PRODUCTS_DIR)/SearchClient.app/SearchClient";
			};
			name = Release;
		};
/* End XCBuildConfiguration section */

/* Begin XCConfigurationList section */
		FAF6C14F1BD41DEE00F966A1 /* Build configuration list for PBXProject "SearchClient" */ = {
			isa = XCConfigurationList;
			buildConfigurations = (
				FAF6C1741BD41DEF00F966A1 /* Debug */,
				FAF6C1751BD41DEF00F966A1 /* Release */,
			);
			defaultConfigurationIsVisible = 0;
			defaultConfigurationName = Release;
		};
		FAF6C1761BD41DEF00F966A1 /* Build configuration list for PBXNativeTarget "SearchClient" */ = {
			isa = XCConfigurationList;
			buildConfigurations = (
				FAF6C1771BD41DEF00F966A1 /* Debug */,
				FAF6C1781BD41DEF00F966A1 /* Release */,
			);
			defaultConfigurationIsVisible = 0;
			defaultConfigurationName = Release;
		};
		FAF6C1791BD41DEF00F966A1 /* Build configuration list for PBXNativeTarget "SearchClientTests" */ = {
			isa = XCConfigurationList;
			buildConfigurations = (
				FAF6C17A1BD41DEF00F966A1 /* Debug */,
				FAF6C17B1BD41DEF00F966A1 /* Release */,
			);
			defaultConfigurationIsVisible = 0;
			defaultConfigurationName = Release;
		};
/* End XCConfigurationList section */
	};
	rootObject = FAF6C14C1BD41DEE00F966A1 /* Project object */;
}
